
Microsoft Visual Studio Solution File, Format Version 12.00
# Visual Studio Version 17
VisualStudioVersion = 17.0.31912.275
MinimumVisualStudioVersion = 10.0.40219.1
Project("{FAE04EC0-301F-11D3-BF4B-00C04F79EFBC}") = "GamersRadarAPI", "GamersRadarAPI\GamersRadarAPI.csproj", "{ADE724BE-3DFB-43BA-BDFA-31E87B92A388}"
EndProject
Global
	GlobalSection(SolutionConfigurationPlatforms) = preSolution
		Debug|Any CPU = Debug|Any CPU
		Release|Any CPU = Release|Any CPU
	EndGlobalSection
	GlobalSection(ProjectConfigurationPlatforms) = postSolution
		{ADE724BE-3DFB-43BA-BDFA-31E87B92A388}.Debug|Any CPU.ActiveCfg = Debug|Any CPU
		{ADE724BE-3DFB-43BA-BDFA-31E87B92A388}.Debug|Any CPU.Build.0 = Debug|Any CPU
		{ADE724BE-3DFB-43BA-BDFA-31E87B92A388}.Release|Any CPU.ActiveCfg = Release|Any CPU
		{ADE724BE-3DFB-43BA-BDFA-31E87B92A388}.Release|Any CPU.Build.0 = Release|Any CPU
	EndGlobalSection
	GlobalSection(SolutionProperties) = preSolution
		HideSolutionNode = FALSE
	EndGlobalSection
	GlobalSection(ExtensibilityGlobals) = postSolution
		SolutionGuid = {6442707B-31D8-4234-B3FD-161321AA7342}
	EndGlobalSection
EndGlobal
